<?xml version="1.0" encoding="utf-8"?>
<Project ToolsVersion="4.0" xmlns="http://schemas.microsoft.com/developer/msbuild/2003">
  <ItemGroup>
    <ClCompile Include="Camera.cpp">
      <Filter>Archivos de origen</Filter>
    </ClCompile>
    <ClCompile Include="main.cpp">
      <Filter>Archivos de origen</Filter>
    </ClCompile>
    <ClCompile Include="Renderer.cpp">
      <Filter>Archivos de origen</Filter>
    </ClCompile>
    <ClCompile Include="Shader.cpp">
      <Filter>Archivos de origen</Filter>
    </ClCompile>
    <ClCompile Include="Simulation.cpp">
      <Filter>Archivos de origen</Filter>
    </ClCompile>
    <ClCompile Include="Face.cpp">
      <Filter>Archivos de origen</Filter>
    </ClCompile>
    <ClCompile Include="World.cpp">
      <Filter>Archivos de origen</Filter>
    </ClCompile>
    <ClCompile Include="Block.cpp">
      <Filter>Archivos de origen</Filter>
    </ClCompile>
    <ClCompile Include="Blocks.cpp">
      <Filter>Archivos de origen</Filter>
    </ClCompile>
  </ItemGroup>
  <ItemGroup>
    <ClInclude Include="Simulation.h">
      <Filter>Archivos de encabezado</Filter>
    </ClInclude>
    <ClInclude Include="main.h">
      <Filter>Archivos de encabezado</Filter>
    </ClInclude>
    <ClInclude Include="Renderer.h">
      <Filter>Archivos de encabezado\Renderer</Filter>
    </ClInclude>
    <ClInclude Include="Shader.h">
      <Filter>Archivos de encabezado\Renderer</Filter>
    </ClInclude>
    <ClInclude Include="EventHandler.h">
      <Filter>Archivos de encabezado\InputsHandler</Filter>
    </ClInclude>
    <ClInclude Include="Commands.h">
      <Filter>Archivos de encabezado\InputsHandler</Filter>
    </ClInclude>
    <ClInclude Include="Face.h">
      <Filter>Archivos de encabezado\Renderer</Filter>
    </ClInclude>
    <ClInclude Include="Camera.h">
      <Filter>Archivos de encabezado\Renderer</Filter>
    </ClInclude>
    <ClInclude Include="World.h">
      <Filter>Archivos de encabezado</Filter>
    </ClInclude>
    <ClInclude Include="Block.h">
      <Filter>Archivos de encabezado</Filter>
    </ClInclude>
    <ClInclude Include="Blocks.h">
      <Filter>Archivos de encabezado</Filter>
    </ClInclude>
    <ClInclude Include="Pool.h">
      <Filter>Archivos de encabezado</Filter>
    </ClInclude>
  </ItemGroup>
  <ItemGroup>
    <None Include="vertex.glsl">
      <Filter>Archivos de recursos</Filter>
    </None>
    <None Include="fragment.glsl">
      <Filter>Archivos de recursos</Filter>
    </None>
  </ItemGroup>
  <ItemGroup>
    <Filter Include="Archivos de encabezado">
      <UniqueIdentifier>{e6d83567-9473-4612-a139-8bc9793b6bc7}</UniqueIdentifier>
    </Filter>
    <Filter Include="Archivos de origen">
      <UniqueIdentifier>{25040b5d-22db-4c07-9de2-4a486e79e7b3}</UniqueIdentifier>
    </Filter>
    <Filter Include="Archivos de recursos">
      <UniqueIdentifier>{43a7a8ee-2427-4d73-b5f7-5577383f2234}</UniqueIdentifier>
    </Filter>
    <Filter Include="Archivos de encabezado\Renderer">
      <UniqueIdentifier>{0de29fa5-02c1-4266-a9ac-3264c0aa0db6}</UniqueIdentifier>
    </Filter>
    <Filter Include="Archivos de encabezado\InputsHandler">
      <UniqueIdentifier>{d845b6c4-784d-4a6f-abaa-eb82fc7c8f45}</UniqueIdentifier>
    </Filter>
  </ItemGroup>
</Project>